
Microsoft Visual Studio Solution File, Format Version 12.00
# Visual Studio Version 16
VisualStudioVersion = 16.0.29911.84
MinimumVisualStudioVersion = 10.0.40219.1
Project("{9A19103F-16F7-4668-BE54-9A1E7A4F7556}") = "Api", "Api\Api.csproj", "{52D41101-802C-4292-90FC-1CCC4ED799B5}"
EndProject
Project("{9A19103F-16F7-4668-BE54-9A1E7A4F7556}") = "HashCostTesting", "HashCostTesting\HashCostTesting.csproj", "{97C145CF-97F1-40F1-BA44-812BB624A9CD}"
EndProject
Project("{FAE04EC0-301F-11D3-BF4B-00C04F79EFBC}") = "ModelGeneration", "ModelGeneration\ModelGeneration.csproj", "{24AC3BB5-1741-43F0-9383-E959EBB7FEA4}"
EndProject
Project("{FAE04EC0-301F-11D3-BF4B-00C04F79EFBC}") = "EmailTesting", "EmailTesting\EmailTesting.csproj", "{32B61DB9-CF1C-472E-8990-F10A00965E81}"
EndProject
Global
	GlobalSection(SolutionConfigurationPlatforms) = preSolution
		Debug|Any CPU = Debug|Any CPU
		Release|Any CPU = Release|Any CPU
	EndGlobalSection
	GlobalSection(ProjectConfigurationPlatforms) = postSolution
		{52D41101-802C-4292-90FC-1CCC4ED799B5}.Debug|Any CPU.ActiveCfg = Debug|Any CPU
		{52D41101-802C-4292-90FC-1CCC4ED799B5}.Debug|Any CPU.Build.0 = Debug|Any CPU
		{52D41101-802C-4292-90FC-1CCC4ED799B5}.Release|Any CPU.ActiveCfg = Release|Any CPU
		{52D41101-802C-4292-90FC-1CCC4ED799B5}.Release|Any CPU.Build.0 = Release|Any CPU
		{97C145CF-97F1-40F1-BA44-812BB624A9CD}.Debug|Any CPU.ActiveCfg = Debug|Any CPU
		{97C145CF-97F1-40F1-BA44-812BB624A9CD}.Debug|Any CPU.Build.0 = Debug|Any CPU
		{97C145CF-97F1-40F1-BA44-812BB624A9CD}.Release|Any CPU.ActiveCfg = Release|Any CPU
		{97C145CF-97F1-40F1-BA44-812BB624A9CD}.Release|Any CPU.Build.0 = Release|Any CPU
		{24AC3BB5-1741-43F0-9383-E959EBB7FEA4}.Debug|Any CPU.ActiveCfg = Debug|Any CPU
		{24AC3BB5-1741-43F0-9383-E959EBB7FEA4}.Debug|Any CPU.Build.0 = Debug|Any CPU
		{24AC3BB5-1741-43F0-9383-E959EBB7FEA4}.Release|Any CPU.ActiveCfg = Release|Any CPU
		{24AC3BB5-1741-43F0-9383-E959EBB7FEA4}.Release|Any CPU.Build.0 = Release|Any CPU
		{32B61DB9-CF1C-472E-8990-F10A00965E81}.Debug|Any CPU.ActiveCfg = Debug|Any CPU
		{32B61DB9-CF1C-472E-8990-F10A00965E81}.Debug|Any CPU.Build.0 = Debug|Any CPU
		{32B61DB9-CF1C-472E-8990-F10A00965E81}.Release|Any CPU.ActiveCfg = Release|Any CPU
		{32B61DB9-CF1C-472E-8990-F10A00965E81}.Release|Any CPU.Build.0 = Release|Any CPU
	EndGlobalSection
	GlobalSection(SolutionProperties) = preSolution
		HideSolutionNode = FALSE
	EndGlobalSection
	GlobalSection(ExtensibilityGlobals) = postSolution
		SolutionGuid = {23D39998-E2C8-410A-B7A8-0717BEF0220A}
	EndGlobalSection
EndGlobal
